// !$*UTF8*$!
{
	archiveVersion = 1;
	classes = {
	};
	objectVersion = 56;
	objects = {

/* Begin PBXBuildFile section */
		F16AAD542A324C7E00832767 /* AppDelegate.swift in Sources */ = {isa = PBXBuildFile; fileRef = F16AAD532A324C7E00832767 /* AppDelegate.swift */; };
		F16AAD562A324C7E00832767 /* SceneDelegate.swift in Sources */ = {isa = PBXBuildFile; fileRef = F16AAD552A324C7E00832767 /* SceneDelegate.swift */; };
		F16AAD5B2A324C7E00832767 /* Main.storyboard in Resources */ = {isa = PBXBuildFile; fileRef = F16AAD592A324C7E00832767 /* Main.storyboard */; };
		F16AAD5D2A324C7F00832767 /* Assets.xcassets in Resources */ = {isa = PBXBuildFile; fileRef = F16AAD5C2A324C7F00832767 /* Assets.xcassets */; };
		F16AAD602A324C7F00832767 /* LaunchScreen.storyboard in Resources */ = {isa = PBXBuildFile; fileRef = F16AAD5E2A324C7F00832767 /* LaunchScreen.storyboard */; };
		F16AAD6B2A324C7F00832767 /* ViewerTests.swift in Sources */ = {isa = PBXBuildFile; fileRef = F16AAD6A2A324C7F00832767 /* ViewerTests.swift */; };
		F16AAD752A324C7F00832767 /* ViewerUITests.swift in Sources */ = {isa = PBXBuildFile; fileRef = F16AAD742A324C7F00832767 /* ViewerUITests.swift */; };
		F16AAD772A324C7F00832767 /* ViewerUITestsLaunchTests.swift in Sources */ = {isa = PBXBuildFile; fileRef = F16AAD762A324C7F00832767 /* ViewerUITestsLaunchTests.swift */; };
		F16AAD842A324DAE00832767 /* SplitViewController.swift in Sources */ = {isa = PBXBuildFile; fileRef = F16AAD832A324DAE00832767 /* SplitViewController.swift */; };
/* End PBXBuildFile section */

/* Begin PBXContainerItemProxy section */
		F16AAD672A324C7F00832767 /* PBXContainerItemProxy */ = {
			isa = PBXContainerItemProxy;
			containerPortal = F16AAD482A324C7E00832767 /* Project object */;
			proxyType = 1;
			remoteGlobalIDString = F16AAD4F2A324C7E00832767;
			remoteInfo = Viewer;
		};
		F16AAD712A324C7F00832767 /* PBXContainerItemProxy */ = {
			isa = PBXContainerItemProxy;
			containerPortal = F16AAD482A324C7E00832767 /* Project object */;
			proxyType = 1;
			remoteGlobalIDString = F16AAD4F2A324C7E00832767;
			remoteInfo = Viewer;
		};
/* End PBXContainerItemProxy section */

/* Begin PBXFileReference section */
		F16AAD502A324C7E00832767 /* Viewer.app */ = {isa = PBXFileReference; explicitFileType = wrapper.application; includeInIndex = 0; path = Viewer.app; sourceTree = BUILT_PRODUCTS_DIR; };
		F16AAD532A324C7E00832767 /* AppDelegate.swift */ = {isa = PBXFileReference; lastKnownFileType = sourcecode.swift; path = AppDelegate.swift; sourceTree = "<group>"; };
		F16AAD552A324C7E00832767 /* SceneDelegate.swift */ = {isa = PBXFileReference; lastKnownFileType = sourcecode.swift; path = SceneDelegate.swift; sourceTree = "<group>"; };
		F16AAD5A2A324C7E00832767 /* Base */ = {isa = PBXFileReference; lastKnownFileType = file.storyboard; name = Base; path = Base.lproj/Main.storyboard; sourceTree = "<group>"; };
		F16AAD5C2A324C7F00832767 /* Assets.xcassets */ = {isa = PBXFileReference; lastKnownFileType = folder.assetcatalog; path = Assets.xcassets; sourceTree = "<group>"; };
		F16AAD5F2A324C7F00832767 /* Base */ = {isa = PBXFileReference; lastKnownFileType = file.storyboard; name = Base; path = Base.lproj/LaunchScreen.storyboard; sourceTree = "<group>"; };
		F16AAD612A324C7F00832767 /* Info.plist */ = {isa = PBXFileReference; lastKnownFileType = text.plist.xml; path = Info.plist; sourceTree = "<group>"; };
		F16AAD662A324C7F00832767 /* ViewerTests.xctest */ = {isa = PBXFileReference; explicitFileType = wrapper.cfbundle; includeInIndex = 0; path = ViewerTests.xctest; sourceTree = BUILT_PRODUCTS_DIR; };
		F16AAD6A2A324C7F00832767 /* ViewerTests.swift */ = {isa = PBXFileReference; lastKnownFileType = sourcecode.swift; path = ViewerTests.swift; sourceTree = "<group>"; };
		F16AAD702A324C7F00832767 /* ViewerUITests.xctest */ = {isa = PBXFileReference; explicitFileType = wrapper.cfbundle; includeInIndex = 0; path = ViewerUITests.xctest; sourceTree = BUILT_PRODUCTS_DIR; };
		F16AAD742A324C7F00832767 /* ViewerUITests.swift */ = {isa = PBXFileReference; lastKnownFileType = sourcecode.swift; path = ViewerUITests.swift; sourceTree = "<group>"; };
		F16AAD762A324C7F00832767 /* ViewerUITestsLaunchTests.swift */ = {isa = PBXFileReference; lastKnownFileType = sourcecode.swift; path = ViewerUITestsLaunchTests.swift; sourceTree = "<group>"; };
		F16AAD832A324DAE00832767 /* SplitViewController.swift */ = {isa = PBXFileReference; lastKnownFileType = sourcecode.swift; path = SplitViewController.swift; sourceTree = "<group>"; };
/* End PBXFileReference section */

/* Begin PBXFrameworksBuildPhase section */
		F16AAD4D2A324C7E00832767 /* Frameworks */ = {
			isa = PBXFrameworksBuildPhase;
			buildActionMask = 2147483647;
			files = (
			);
			runOnlyForDeploymentPostprocessing = 0;
		};
		F16AAD632A324C7F00832767 /* Frameworks */ = {
			isa = PBXFrameworksBuildPhase;
			buildActionMask = 2147483647;
			files = (
			);
			runOnlyForDeploymentPostprocessing = 0;
		};
		F16AAD6D2A324C7F00832767 /* Frameworks */ = {
			isa = PBXFrameworksBuildPhase;
			buildActionMask = 2147483647;
			files = (
			);
			runOnlyForDeploymentPostprocessing = 0;
		};
/* End PBXFrameworksBuildPhase section */

/* Begin PBXGroup section */
		F16AAD472A324C7E00832767 = {
			isa = PBXGroup;
			children = (
				F16AAD522A324C7E00832767 /* Viewer */,
				F16AAD692A324C7F00832767 /* ViewerTests */,
				F16AAD732A324C7F00832767 /* ViewerUITests */,
				F16AAD512A324C7E00832767 /* Products */,
			);
			sourceTree = "<group>";
		};
		F16AAD512A324C7E00832767 /* Products */ = {
			isa = PBXGroup;
			children = (
				F16AAD502A324C7E00832767 /* Viewer.app */,
				F16AAD662A324C7F00832767 /* ViewerTests.xctest */,
				F16AAD702A324C7F00832767 /* ViewerUITests.xctest */,
			);
			name = Products;
			sourceTree = "<group>";
		};
		F16AAD522A324C7E00832767 /* Viewer */ = {
			isa = PBXGroup;
			children = (
				F16AAD532A324C7E00832767 /* AppDelegate.swift */,
				F16AAD552A324C7E00832767 /* SceneDelegate.swift */,
				F16AAD592A324C7E00832767 /* Main.storyboard */,
				F16AAD5C2A324C7F00832767 /* Assets.xcassets */,
				F16AAD5E2A324C7F00832767 /* LaunchScreen.storyboard */,
				F16AAD612A324C7F00832767 /* Info.plist */,
				F16AAD832A324DAE00832767 /* SplitViewController.swift */,
			);
			path = Viewer;
			sourceTree = "<group>";
		};
		F16AAD692A324C7F00832767 /* ViewerTests */ = {
			isa = PBXGroup;
			children = (
				F16AAD6A2A324C7F00832767 /* ViewerTests.swift */,
			);
			path = ViewerTests;
			sourceTree = "<group>";
		};
		F16AAD732A324C7F00832767 /* ViewerUITests */ = {
			isa = PBXGroup;
			children = (
				F16AAD742A324C7F00832767 /* ViewerUITests.swift */,
				F16AAD762A324C7F00832767 /* ViewerUITestsLaunchTests.swift */,
			);
			path = ViewerUITests;
			sourceTree = "<group>";
		};
/* End PBXGroup section */

/* Begin PBXNativeTarget section */
		F16AAD4F2A324C7E00832767 /* Viewer */ = {
			isa = PBXNativeTarget;
			buildConfigurationList = F16AAD7A2A324C7F00832767 /* Build configuration list for PBXNativeTarget "Viewer" */;
			buildPhases = (
				F16AAD4C2A324C7E00832767 /* Sources */,
				F16AAD4D2A324C7E00832767 /* Frameworks */,
				F16AAD4E2A324C7E00832767 /* Resources */,
			);
			buildRules = (
			);
			dependencies = (
			);
			name = Viewer;
			productName = Viewer;
			productReference = F16AAD502A324C7E00832767 /* Viewer.app */;
			productType = "com.apple.product-type.application";
		};
		F16AAD652A324C7F00832767 /* ViewerTests */ = {
			isa = PBXNativeTarget;
			buildConfigurationList = F16AAD7D2A324C7F00832767 /* Build configuration list for PBXNativeTarget "ViewerTests" */;
			buildPhases = (
				F16AAD622A324C7F00832767 /* Sources */,
				F16AAD632A324C7F00832767 /* Frameworks */,
				F16AAD642A324C7F00832767 /* Resources */,
			);
			buildRules = (
			);
			dependencies = (
				F16AAD682A324C7F00832767 /* PBXTargetDependency */,
			);
			name = ViewerTests;
			productName = ViewerTests;
			productReference = F16AAD662A324C7F00832767 /* ViewerTests.xctest */;
			productType = "com.apple.product-type.bundle.unit-test";
		};
		F16AAD6F2A324C7F00832767 /* ViewerUITests */ = {
			isa = PBXNativeTarget;
			buildConfigurationList = F16AAD802A324C7F00832767 /* Build configuration list for PBXNativeTarget "ViewerUITests" */;
			buildPhases = (
				F16AAD6C2A324C7F00832767 /* Sources */,
				F16AAD6D2A324C7F00832767 /* Frameworks */,
				F16AAD6E2A324C7F00832767 /* Resources */,
			);
			buildRules = (
			);
			dependencies = (
				F16AAD722A324C7F00832767 /* PBXTargetDependency */,
			);
			name = ViewerUITests;
			productName = ViewerUITests;
			productReference = F16AAD702A324C7F00832767 /* ViewerUITests.xctest */;
			productType = "com.apple.product-type.bundle.ui-testing";
		};
/* End PBXNativeTarget section */

/* Begin PBXProject section */
		F16AAD482A324C7E00832767 /* Project object */ = {
			isa = PBXProject;
			attributes = {
				BuildIndependentTargetsInParallel = 1;
				LastSwiftUpdateCheck = 1430;
				LastUpgradeCheck = 1430;
				TargetAttributes = {
					F16AAD4F2A324C7E00832767 = {
						CreatedOnToolsVersion = 14.3.1;
					};
					F16AAD652A324C7F00832767 = {
						CreatedOnToolsVersion = 14.3.1;
						TestTargetID = F16AAD4F2A324C7E00832767;
					};
					F16AAD6F2A324C7F00832767 = {
						CreatedOnToolsVersion = 14.3.1;
						TestTargetID = F16AAD4F2A324C7E00832767;
					};
				};
			};
			buildConfigurationList = F16AAD4B2A324C7E00832767 /* Build configuration list for PBXProject "Viewer" */;
			compatibilityVersion = "Xcode 14.0";
			developmentRegion = en;
			hasScannedForEncodings = 0;
			knownRegions = (
				en,
				Base,
			);
			mainGroup = F16AAD472A324C7E00832767;
			productRefGroup = F16AAD512A324C7E00832767 /* Products */;
			projectDirPath = "";
			projectRoot = "";
			targets = (
				F16AAD4F2A324C7E00832767 /* Viewer */,
				F16AAD652A324C7F00832767 /* ViewerTests */,
				F16AAD6F2A324C7F00832767 /* ViewerUITests */,
			);
		};
/* End PBXProject section */

/* Begin PBXResourcesBuildPhase section */
		F16AAD4E2A324C7E00832767 /* Resources */ = {
			isa = PBXResourcesBuildPhase;
			buildActionMask = 2147483647;
			files = (
				F16AAD602A324C7F00832767 /* LaunchScreen.storyboard in Resources */,
				F16AAD5D2A324C7F00832767 /* Assets.xcassets in Resources */,
				F16AAD5B2A324C7E00832767 /* Main.storyboard in Resources */,
			);
			runOnlyForDeploymentPostprocessing = 0;
		};
		F16AAD642A324C7F00832767 /* Resources */ = {
			isa = PBXResourcesBuildPhase;
			buildActionMask = 2147483647;
			files = (
			);
			runOnlyForDeploymentPostprocessing = 0;
		};
		F16AAD6E2A324C7F00832767 /* Resources */ = {
			isa = PBXResourcesBuildPhase;
			buildActionMask = 2147483647;
			files = (
			);
			runOnlyForDeploymentPostprocessing = 0;
		};
/* End PBXResourcesBuildPhase section */

/* Begin PBXSourcesBuildPhase section */
		F16AAD4C2A324C7E00832767 /* Sources */ = {
			isa = PBXSourcesBuildPhase;
			buildActionMask = 2147483647;
			files = (
				F16AAD542A324C7E00832767 /* AppDelegate.swift in Sources */,
				F16AAD562A324C7E00832767 /* SceneDelegate.swift in Sources */,
				F16AAD842A324DAE00832767 /* SplitViewController.swift in Sources */,
			);
			runOnlyForDeploymentPostprocessing = 0;
		};
		F16AAD622A324C7F00832767 /* Sources */ = {
			isa = PBXSourcesBuildPhase;
			buildActionMask = 2147483647;
			files = (
				F16AAD6B2A324C7F00832767 /* ViewerTests.swift in Sources */,
			);
			runOnlyForDeploymentPostprocessing = 0;
		};
		F16AAD6C2A324C7F00832767 /* Sources */ = {
			isa = PBXSourcesBuildPhase;
			buildActionMask = 2147483647;
			files = (
				F16AAD772A324C7F00832767 /* ViewerUITestsLaunchTests.swift in Sources */,
				F16AAD752A324C7F00832767 /* ViewerUITests.swift in Sources */,
			);
			runOnlyForDeploymentPostprocessing = 0;
		};
/* End PBXSourcesBuildPhase section */

/* Begin PBXTargetDependency section */
		F16AAD682A324C7F00832767 /* PBXTargetDependency */ = {
			isa = PBXTargetDependency;
			target = F16AAD4F2A324C7E00832767 /* Viewer */;
			targetProxy = F16AAD672A324C7F00832767 /* PBXContainerItemProxy */;
		};
		F16AAD722A324C7F00832767 /* PBXTargetDependency */ = {
			isa = PBXTargetDependency;
			target = F16AAD4F2A324C7E00832767 /* Viewer */;
			targetProxy = F16AAD712A324C7F00832767 /* PBXContainerItemProxy */;
		};
/* End PBXTargetDependency section */

/* Begin PBXVariantGroup section */
		F16AAD592A324C7E00832767 /* Main.storyboard */ = {
			isa = PBXVariantGroup;
			children = (
				F16AAD5A2A324C7E00832767 /* Base */,
			);
			name = Main.storyboard;
			sourceTree = "<group>";
		};
		F16AAD5E2A324C7F00832767 /* LaunchScreen.storyboard */ = {
			isa = PBXVariantGroup;
			children = (
				F16AAD5F2A324C7F00832767 /* Base */,
			);
			name = LaunchScreen.storyboard;
			sourceTree = "<group>";
		};
/* End PBXVariantGroup section */

/* Begin XCBuildConfiguration section */
		F16AAD782A324C7F00832767 /* Debug */ = {
			isa = XCBuildConfiguration;
			buildSettings = {
				ALWAYS_SEARCH_USER_PATHS = NO;
				CLANG_ANALYZER_NONNULL = YES;
				CLANG_ANALYZER_NUMBER_OBJECT_CONVERSION = YES_AGGRESSIVE;
				CLANG_CXX_LANGUAGE_STANDARD = "gnu++20";
				CLANG_ENABLE_MODULES = YES;
				CLANG_ENABLE_OBJC_ARC = YES;
				CLANG_ENABLE_OBJC_WEAK = YES;
				CLANG_WARN_BLOCK_CAPTURE_AUTORELEASING = YES;
				CLANG_WARN_BOOL_CONVERSION = YES;
				CLANG_WARN_COMMA = YES;
				CLANG_WARN_CONSTANT_CONVERSION = YES;
				CLANG_WARN_DEPRECATED_OBJC_IMPLEMENTATIONS = YES;
				CLANG_WARN_DIRECT_OBJC_ISA_USAGE = YES_ERROR;
				CLANG_WARN_DOCUMENTATION_COMMENTS = YES;
				CLANG_WARN_EMPTY_BODY = YES;
				CLANG_WARN_ENUM_CONVERSION = YES;
				CLANG_WARN_INFINITE_RECURSION = YES;
				CLANG_WARN_INT_CONVERSION = YES;
				CLANG_WARN_NON_LITERAL_NULL_CONVERSION = YES;
				CLANG_WARN_OBJC_IMPLICIT_RETAIN_SELF = YES;
				CLANG_WARN_OBJC_LITERAL_CONVERSION = YES;
				CLANG_WARN_OBJC_ROOT_CLASS = YES_ERROR;
				CLANG_WARN_QUOTED_INCLUDE_IN_FRAMEWORK_HEADER = YES;
				CLANG_WARN_RANGE_LOOP_ANALYSIS = YES;
				CLANG_WARN_STRICT_PROTOTYPES = YES;
				CLANG_WARN_SUSPICIOUS_MOVE = YES;
				CLANG_WARN_UNGUARDED_AVAILABILITY = YES_AGGRESSIVE;
				CLANG_WARN_UNREACHABLE_CODE = YES;
				CLANG_WARN__DUPLICATE_METHOD_MATCH = YES;
				COPY_PHASE_STRIP = NO;
				DEBUG_INFORMATION_FORMAT = dwarf;
				ENABLE_STRICT_OBJC_MSGSEND = YES;
				ENABLE_TESTABILITY = YES;
				GCC_C_LANGUAGE_STANDARD = gnu11;
				GCC_DYNAMIC_NO_PIC = NO;
				GCC_NO_COMMON_BLOCKS = YES;
				GCC_OPTIMIZATION_LEVEL = 0;
				GCC_PREPROCESSOR_DEFINITIONS = (
					"DEBUG=1",
					"$(inherited)",
				);
				GCC_WARN_64_TO_32_BIT_CONVERSION = YES;
				GCC_WARN_ABOUT_RETURN_TYPE = YES_ERROR;
				GCC_WARN_UNDECLARED_SELECTOR = YES;
				GCC_WARN_UNINITIALIZED_AUTOS = YES_AGGRESSIVE;
				GCC_WARN_UNUSED_FUNCTION = YES;
				GCC_WARN_UNUSED_VARIABLE = YES;
				IPHONEOS_DEPLOYMENT_TARGET = 16.4;
				MTL_ENABLE_DEBUG_INFO = INCLUDE_SOURCE;
				MTL_FAST_MATH = YES;
				ONLY_ACTIVE_ARCH = YES;
				SDKROOT = iphoneos;
				SWIFT_ACTIVE_COMPILATION_CONDITIONS = DEBUG;
				SWIFT_OPTIMIZATION_LEVEL = "-Onone";
			};
			name = Debug;
		};
		F16AAD792A324C7F00832767 /* Release */ = {
			isa = XCBuildConfiguration;
			buildSettings = {
				ALWAYS_SEARCH_USER_PATHS = NO;
				CLANG_ANALYZER_NONNULL = YES;
				CLANG_ANALYZER_NUMBER_OBJECT_CONVERSION = YES_AGGRESSIVE;
				CLANG_CXX_LANGUAGE_STANDARD = "gnu++20";
				CLANG_ENABLE_MODULES = YES;
				CLANG_ENABLE_OBJC_ARC = YES;
				CLANG_ENABLE_OBJC_WEAK = YES;
				CLANG_WARN_BLOCK_CAPTURE_AUTORELEASING = YES;
				CLANG_WARN_BOOL_CONVERSION = YES;
				CLANG_WARN_COMMA = YES;
				CLANG_WARN_CONSTANT_CONVERSION = YES;
				CLANG_WARN_DEPRECATED_OBJC_IMPLEMENTATIONS = YES;
				CLANG_WARN_DIRECT_OBJC_ISA_USAGE = YES_ERROR;
				CLANG_WARN_DOCUMENTATION_COMMENTS = YES;
				CLANG_WARN_EMPTY_BODY = YES;
				CLANG_WARN_ENUM_CONVERSION = YES;
				CLANG_WARN_INFINITE_RECURSION = YES;
				CLANG_WARN_INT_CONVERSION = YES;
				CLANG_WARN_NON_LITERAL_NULL_CONVERSION = YES;
				CLANG_WARN_OBJC_IMPLICIT_RETAIN_SELF = YES;
				CLANG_WARN_OBJC_LITERAL_CONVERSION = YES;
				CLANG_WARN_OBJC_ROOT_CLASS = YES_ERROR;
				CLANG_WARN_QUOTED_INCLUDE_IN_FRAMEWORK_HEADER = YES;
				CLANG_WARN_RANGE_LOOP_ANALYSIS = YES;
				CLANG_WARN_STRICT_PROTOTYPES = YES;
				CLANG_WARN_SUSPICIOUS_MOVE = YES;
				CLANG_WARN_UNGUARDED_AVAILABILITY = YES_AGGRESSIVE;
				CLANG_WARN_UNREACHABLE_CODE = YES;
				CLANG_WARN__DUPLICATE_METHOD_MATCH = YES;
				COPY_PHASE_STRIP = NO;
				DEBUG_INFORMATION_FORMAT = "dwarf-with-dsym";
				ENABLE_NS_ASSERTIONS = NO;
				ENABLE_STRICT_OBJC_MSGSEND = YES;
				GCC_C_LANGUAGE_STANDARD = gnu11;
				GCC_NO_COMMON_BLOCKS = YES;
				GCC_WARN_64_TO_32_BIT_CONVERSION = YES;
				GCC_WARN_ABOUT_RETURN_TYPE = YES_ERROR;
				GCC_WARN_UNDECLARED_SELECTOR = YES;
				GCC_WARN_UNINITIALIZED_AUTOS = YES_AGGRESSIVE;
				GCC_WARN_UNUSED_FUNCTION = YES;
				GCC_WARN_UNUSED_VARIABLE = YES;
				IPHONEOS_DEPLOYMENT_TARGET = 16.4;
				MTL_ENABLE_DEBUG_INFO = NO;
				MTL_FAST_MATH = YES;
				SDKROOT = iphoneos;
				SWIFT_COMPILATION_MODE = wholemodule;
				SWIFT_OPTIMIZATION_LEVEL = "-O";
				VALIDATE_PRODUCT = YES;
			};
			name = Release;
		};
		F16AAD7B2A324C7F00832767 /* Debug */ = {
			isa = XCBuildConfiguration;
			buildSettings = {
				ASSETCATALOG_COMPILER_APPICON_NAME = AppIcon;
				ASSETCATALOG_COMPILER_GLOBAL_ACCENT_COLOR_NAME = AccentColor;
				CODE_SIGN_STYLE = Automatic;
				CURRENT_PROJECT_VERSION = 1;
				DEVELOPMENT_TEAM = 6DQ52UFZ53;
				GENERATE_INFOPLIST_FILE = YES;
				INFOPLIST_FILE = Viewer/Info.plist;
				INFOPLIST_KEY_UIApplicationSupportsIndirectInputEvents = YES;
				INFOPLIST_KEY_UILaunchStoryboardName = LaunchScreen;
				INFOPLIST_KEY_UIMainStoryboardFile = Main;
				INFOPLIST_KEY_UISupportedInterfaceOrientations_iPad = "UIInterfaceOrientationPortrait UIInterfaceOrientationPortraitUpsideDown UIInterfaceOrientationLandscapeLeft UIInterfaceOrientationLandscapeRight";
				INFOPLIST_KEY_UISupportedInterfaceOrientations_iPhone = "UIInterfaceOrientationPortrait UIInterfaceOrientationLandscapeLeft UIInterfaceOrientationLandscapeRight";
				LD_RUNPATH_SEARCH_PATHS = (
					"$(inherited)",
					"@executable_path/Frameworks",
				);
				MARKETING_VERSION = 1.0;
				PRODUCT_BUNDLE_IDENTIFIER = com.sample.simpsonsviewer.Viewer;
				PRODUCT_NAME = "$(TARGET_NAME)";
				SWIFT_EMIT_LOC_STRINGS = YES;
				SWIFT_VERSION = 5.0;
				TARGETED_DEVICE_FAMILY = "1,2";
			};
			name = Debug;
		};
		F16AAD7C2A324C7F00832767 /* Release */ = {
			isa = XCBuildConfiguration;
			buildSettings = {
				ASSETCATALOG_COMPILER_APPICON_NAME = AppIcon;
				ASSETCATALOG_COMPILER_GLOBAL_ACCENT_COLOR_NAME = AccentColor;
				CODE_SIGN_STYLE = Automatic;
				CURRENT_PROJECT_VERSION = 1;
				DEVELOPMENT_TEAM = 6DQ52UFZ53;
				GENERATE_INFOPLIST_FILE = YES;
				INFOPLIST_FILE = Viewer/Info.plist;
				INFOPLIST_KEY_UIApplicationSupportsIndirectInputEvents = YES;
				INFOPLIST_KEY_UILaunchStoryboardName = LaunchScreen;
				INFOPLIST_KEY_UIMainStoryboardFile = Main;
				INFOPLIST_KEY_UISupportedInterfaceOrientations_iPad = "UIInterfaceOrientationPortrait UIInterfaceOrientationPortraitUpsideDown UIInterfaceOrientationLandscapeLeft UIInterfaceOrientationLandscapeRight";
				INFOPLIST_KEY_UISupportedInterfaceOrientations_iPhone = "UIInterfaceOrientationPortrait UIInterfaceOrientationLandscapeLeft UIInterfaceOrientationLandscapeRight";
				LD_RUNPATH_SEARCH_PATHS = (
					"$(inherited)",
					"@executable_path/Frameworks",
				);
				MARKETING_VERSION = 1.0;
				PRODUCT_BUNDLE_IDENTIFIER = com.sample.simpsonsviewer.Viewer;
				PRODUCT_NAME = "$(TARGET_NAME)";
				SWIFT_EMIT_LOC_STRINGS = YES;
				SWIFT_VERSION = 5.0;
				TARGETED_DEVICE_FAMILY = "1,2";
			};
			name = Release;
		};
		F16AAD7E2A324C7F00832767 /* Debug */ = {
			isa = XCBuildConfiguration;
			buildSettings = {
				ALWAYS_EMBED_SWIFT_STANDARD_LIBRARIES = YES;
				BUNDLE_LOADER = "$(TEST_HOST)";
				CODE_SIGN_STYLE = Automatic;
				CURRENT_PROJECT_VERSION = 1;
				DEVELOPMENT_TEAM = 6DQ52UFZ53;
				GENERATE_INFOPLIST_FILE = YES;
				IPHONEOS_DEPLOYMENT_TARGET = 16.4;
				MARKETING_VERSION = 1.0;
				PRODUCT_BUNDLE_IDENTIFIER = com.sample.simpsonsviewer.ViewerTests;
				PRODUCT_NAME = "$(TARGET_NAME)";
				SWIFT_EMIT_LOC_STRINGS = NO;
				SWIFT_VERSION = 5.0;
				TARGETED_DEVICE_FAMILY = "1,2";
				TEST_HOST = "$(BUILT_PRODUCTS_DIR)/Viewer.app/$(BUNDLE_EXECUTABLE_FOLDER_PATH)/Viewer";
			};
			name = Debug;
		};
		F16AAD7F2A324C7F00832767 /* Release */ = {
			isa = XCBuildConfiguration;
			buildSettings = {
				ALWAYS_EMBED_SWIFT_STANDARD_LIBRARIES = YES;
				BUNDLE_LOADER = "$(TEST_HOST)";
				CODE_SIGN_STYLE = Automatic;
				CURRENT_PROJECT_VERSION = 1;
				DEVELOPMENT_TEAM = 6DQ52UFZ53;
				GENERATE_INFOPLIST_FILE = YES;
				IPHONEOS_DEPLOYMENT_TARGET = 16.4;
				MARKETING_VERSION = 1.0;
				PRODUCT_BUNDLE_IDENTIFIER = com.sample.simpsonsviewer.ViewerTests;
				PRODUCT_NAME = "$(TARGET_NAME)";
				SWIFT_EMIT_LOC_STRINGS = NO;
				SWIFT_VERSION = 5.0;
				TARGETED_DEVICE_FAMILY = "1,2";
				TEST_HOST = "$(BUILT_PRODUCTS_DIR)/Viewer.app/$(BUNDLE_EXECUTABLE_FOLDER_PATH)/Viewer";
			};
			name = Release;
		};
		F16AAD812A324C7F00832767 /* Debug */ = {
			isa = XCBuildConfiguration;
			buildSettings = {
				ALWAYS_EMBED_SWIFT_STANDARD_LIBRARIES = YES;
				CODE_SIGN_STYLE = Automatic;
				CURRENT_PROJECT_VERSION = 1;
				DEVELOPMENT_TEAM = 6DQ52UFZ53;
				GENERATE_INFOPLIST_FILE = YES;
				MARKETING_VERSION = 1.0;
				PRODUCT_BUNDLE_IDENTIFIER = com.sample.simpsonsviewer.ViewerUITests;
				PRODUCT_NAME = "$(TARGET_NAME)";
				SWIFT_EMIT_LOC_STRINGS = NO;
				SWIFT_VERSION = 5.0;
				TARGETED_DEVICE_FAMILY = "1,2";
				TEST_TARGET_NAME = Viewer;
			};
			name = Debug;
		};
		F16AAD822A324C7F00832767 /* Release */ = {
			isa = XCBuildConfiguration;
			buildSettings = {
				ALWAYS_EMBED_SWIFT_STANDARD_LIBRARIES = YES;
				CODE_SIGN_STYLE = Automatic;
				CURRENT_PROJECT_VERSION = 1;
				DEVELOPMENT_TEAM = 6DQ52UFZ53;
				GENERATE_INFOPLIST_FILE = YES;
				MARKETING_VERSION = 1.0;
				PRODUCT_BUNDLE_IDENTIFIER = com.sample.simpsonsviewer.ViewerUITests;
				PRODUCT_NAME = "$(TARGET_NAME)";
				SWIFT_EMIT_LOC_STRINGS = NO;
				SWIFT_VERSION = 5.0;
				TARGETED_DEVICE_FAMILY = "1,2";
				TEST_TARGET_NAME = Viewer;
			};
			name = Release;
		};
/* End XCBuildConfiguration section */

/* Begin XCConfigurationList section */
		F16AAD4B2A324C7E00832767 /* Build configuration list for PBXProject "Viewer" */ = {
			isa = XCConfigurationList;
			buildConfigurations = (
				F16AAD782A324C7F00832767 /* Debug */,
				F16AAD792A324C7F00832767 /* Release */,
			);
			defaultConfigurationIsVisible = 0;
			defaultConfigurationName = Release;
		};
		F16AAD7A2A324C7F00832767 /* Build configuration list for PBXNativeTarget "Viewer" */ = {
			isa = XCConfigurationList;
			buildConfigurations = (
				F16AAD7B2A324C7F00832767 /* Debug */,
				F16AAD7C2A324C7F00832767 /* Release */,
			);
			defaultConfigurationIsVisible = 0;
			defaultConfigurationName = Release;
		};
		F16AAD7D2A324C7F00832767 /* Build configuration list for PBXNativeTarget "ViewerTests" */ = {
			isa = XCConfigurationList;
			buildConfigurations = (
				F16AAD7E2A324C7F00832767 /* Debug */,
				F16AAD7F2A324C7F00832767 /* Release */,
			);
			defaultConfigurationIsVisible = 0;
			defaultConfigurationName = Release;
		};
		F16AAD802A324C7F00832767 /* Build configuration list for PBXNativeTarget "ViewerUITests" */ = {
			isa = XCConfigurationList;
			buildConfigurations = (
				F16AAD812A324C7F00832767 /* Debug */,
				F16AAD822A324C7F00832767 /* Release */,
			);
			defaultConfigurationIsVisible = 0;
			defaultConfigurationName = Release;
		};
/* End XCConfigurationList section */
	};
	rootObject = F16AAD482A324C7E00832767 /* Project object */;
}
